
Microsoft Visual Studio Solution File, Format Version 12.00
# Visual Studio 2013
VisualStudioVersion = 12.0.31101.0
MinimumVisualStudioVersion = 10.0.40219.1
Project("{2150E333-8FDC-42A3-9474-1A3956D46DE8}") = "TipCalc", "TipCalc", "{AEC8416A-B1DC-4FAD-9FBC-3EE89A025BEC}"
EndProject
Project("{FAE04EC0-301F-11D3-BF4B-00C04F79EFBC}") = "TipCalc.UI.Touch", "TipCalc.UI.Touch\TipCalc.UI.Touch.csproj", "{17B0C2AE-F11C-4CDD-BBB6-7F6A226511FE}"
EndProject
Project("{FAE04EC0-301F-11D3-BF4B-00C04F79EFBC}") = "TipCalc.Core", "TipCalc.Core\TipCalc.Core.csproj", "{045168DE-0CE3-497B-90B4-CC640E64E4C0}"
EndProject
Project("{2150E333-8FDC-42A3-9474-1A3956D46DE8}") = "ValueConv", "ValueConv", "{D0BE9A33-1AB1-4D51-BACC-FFCB16D6E560}"
EndProject
Project("{FAE04EC0-301F-11D3-BF4B-00C04F79EFBC}") = "ValueConv.Core", "ValueConv.Core\ValueConv.Core.csproj", "{3C016DCC-5D4B-4C54-B517-6D2449B52764}"
EndProject
Project("{FAE04EC0-301F-11D3-BF4B-00C04F79EFBC}") = "ValueConv.Touch", "ValueConv.Touch\ValueConv.Touch.csproj", "{BA92A235-92D2-4036-967C-6C8FCE9E5737}"
EndProject
Project("{FAE04EC0-301F-11D3-BF4B-00C04F79EFBC}") = "TipCalc.UI.Droid", "TipCalc.UI.Droid\TipCalc.UI.Droid.csproj", "{A6272FD5-FD08-4ADE-8D80-966900E8803E}"
EndProject
Project("{FAE04EC0-301F-11D3-BF4B-00C04F79EFBC}") = "TipCalc.PCL", "TipCalc.PCL\TipCalc.PCL.csproj", "{4DDCEA82-B747-41A8-84C6-E71F9CFFE7E0}"
EndProject
Project("{2150E333-8FDC-42A3-9474-1A3956D46DE8}") = "MixMvxXForms", "MixMvxXForms", "{E6CBB3A7-E998-41ED-BA23-38513CE48037}"
EndProject
Project("{FAE04EC0-301F-11D3-BF4B-00C04F79EFBC}") = "MvxXForms.Core", "MvxXForms.Core\MvxXForms.Core.csproj", "{8F0973C8-6773-4F4F-A73C-BA5F91B54AC2}"
EndProject
Project("{FAE04EC0-301F-11D3-BF4B-00C04F79EFBC}") = "MvxXForms.UI.Touch", "MvxXForms.UI.Touch\MvxXForms.UI.Touch.csproj", "{B2554995-B785-444A-A498-9FB21F2B6273}"
	ProjectSection(ProjectDependencies) = postProject
		{68D2D1FA-3BBE-4DE2-8C5B-23A40FA64F17} = {68D2D1FA-3BBE-4DE2-8C5B-23A40FA64F17}
	EndProjectSection
EndProject
Project("{2150E333-8FDC-42A3-9474-1A3956D46DE8}") = ".nuget", ".nuget", "{F9632AF0-572B-46F8-AAEC-6A6229265227}"
	ProjectSection(SolutionItems) = preProject
		.nuget\NuGet.Config = .nuget\NuGet.Config
		.nuget\NuGet.exe = .nuget\NuGet.exe
		.nuget\NuGet.targets = .nuget\NuGet.targets
	EndProjectSection
EndProject
Project("{FAE04EC0-301F-11D3-BF4B-00C04F79EFBC}") = "MvxXForms.Form", "MvxXForms.Form\MvxXForms.Form.csproj", "{68D2D1FA-3BBE-4DE2-8C5B-23A40FA64F17}"
EndProject
Project("{2150E333-8FDC-42A3-9474-1A3956D46DE8}") = "MvxVB", "MvxVB", "{DDF79104-E812-4372-B451-D4D674245904}"
EndProject
Project("{F184B08F-C81C-45F6-A57F-5ABD9991F28F}") = "MvxVB.Core", "MvxVB.Core\MvxVB.Core.vbproj", "{F72A6046-94D5-41BE-80C8-09C638E94709}"
EndProject
Project("{FAE04EC0-301F-11D3-BF4B-00C04F79EFBC}") = "MvxVB.Touch", "MvxVB.Touch\MvxVB.Touch.csproj", "{13D2A543-E1AF-41FE-9701-F86A6E16B713}"
EndProject
Project("{FAE04EC0-301F-11D3-BF4B-00C04F79EFBC}") = "MvxVB.Droid", "MvxVB.Droid\MvxVB.Droid.csproj", "{EB881DEA-ECF9-4C85-B2B9-7250B4AB2D29}"
EndProject
Global
	GlobalSection(SolutionConfigurationPlatforms) = preSolution
		Ad-Hoc|Any CPU = Ad-Hoc|Any CPU
		Ad-Hoc|ARM = Ad-Hoc|ARM
		Ad-Hoc|iPhone = Ad-Hoc|iPhone
		Ad-Hoc|iPhoneSimulator = Ad-Hoc|iPhoneSimulator
		Ad-Hoc|Mixed Platforms = Ad-Hoc|Mixed Platforms
		Ad-Hoc|x86 = Ad-Hoc|x86
		AppStore|Any CPU = AppStore|Any CPU
		AppStore|ARM = AppStore|ARM
		AppStore|iPhone = AppStore|iPhone
		AppStore|iPhoneSimulator = AppStore|iPhoneSimulator
		AppStore|Mixed Platforms = AppStore|Mixed Platforms
		AppStore|x86 = AppStore|x86
		Debug|Any CPU = Debug|Any CPU
		Debug|ARM = Debug|ARM
		Debug|iPhone = Debug|iPhone
		Debug|iPhoneSimulator = Debug|iPhoneSimulator
		Debug|Mixed Platforms = Debug|Mixed Platforms
		Debug|x86 = Debug|x86
		Release|Any CPU = Release|Any CPU
		Release|ARM = Release|ARM
		Release|iPhone = Release|iPhone
		Release|iPhoneSimulator = Release|iPhoneSimulator
		Release|Mixed Platforms = Release|Mixed Platforms
		Release|x86 = Release|x86
	EndGlobalSection
	GlobalSection(ProjectConfigurationPlatforms) = postSolution
		{17B0C2AE-F11C-4CDD-BBB6-7F6A226511FE}.Ad-Hoc|Any CPU.ActiveCfg = Ad-Hoc|iPhone
		{17B0C2AE-F11C-4CDD-BBB6-7F6A226511FE}.Ad-Hoc|ARM.ActiveCfg = Ad-Hoc|iPhoneSimulator
		{17B0C2AE-F11C-4CDD-BBB6-7F6A226511FE}.Ad-Hoc|iPhone.ActiveCfg = Ad-Hoc|iPhone
		{17B0C2AE-F11C-4CDD-BBB6-7F6A226511FE}.Ad-Hoc|iPhone.Build.0 = Ad-Hoc|iPhone
		{17B0C2AE-F11C-4CDD-BBB6-7F6A226511FE}.Ad-Hoc|iPhoneSimulator.ActiveCfg = Ad-Hoc|iPhoneSimulator
		{17B0C2AE-F11C-4CDD-BBB6-7F6A226511FE}.Ad-Hoc|iPhoneSimulator.Build.0 = Ad-Hoc|iPhoneSimulator
		{17B0C2AE-F11C-4CDD-BBB6-7F6A226511FE}.Ad-Hoc|Mixed Platforms.ActiveCfg = Ad-Hoc|iPhone
		{17B0C2AE-F11C-4CDD-BBB6-7F6A226511FE}.Ad-Hoc|Mixed Platforms.Build.0 = Ad-Hoc|iPhone
		{17B0C2AE-F11C-4CDD-BBB6-7F6A226511FE}.Ad-Hoc|x86.ActiveCfg = Ad-Hoc|iPhoneSimulator
		{17B0C2AE-F11C-4CDD-BBB6-7F6A226511FE}.AppStore|Any CPU.ActiveCfg = AppStore|iPhone
		{17B0C2AE-F11C-4CDD-BBB6-7F6A226511FE}.AppStore|ARM.ActiveCfg = AppStore|iPhoneSimulator
		{17B0C2AE-F11C-4CDD-BBB6-7F6A226511FE}.AppStore|iPhone.ActiveCfg = AppStore|iPhone
		{17B0C2AE-F11C-4CDD-BBB6-7F6A226511FE}.AppStore|iPhone.Build.0 = AppStore|iPhone
		{17B0C2AE-F11C-4CDD-BBB6-7F6A226511FE}.AppStore|iPhoneSimulator.ActiveCfg = AppStore|iPhoneSimulator
		{17B0C2AE-F11C-4CDD-BBB6-7F6A226511FE}.AppStore|iPhoneSimulator.Build.0 = AppStore|iPhoneSimulator
		{17B0C2AE-F11C-4CDD-BBB6-7F6A226511FE}.AppStore|Mixed Platforms.ActiveCfg = AppStore|iPhone
		{17B0C2AE-F11C-4CDD-BBB6-7F6A226511FE}.AppStore|Mixed Platforms.Build.0 = AppStore|iPhone
		{17B0C2AE-F11C-4CDD-BBB6-7F6A226511FE}.AppStore|x86.ActiveCfg = AppStore|iPhoneSimulator
		{17B0C2AE-F11C-4CDD-BBB6-7F6A226511FE}.Debug|Any CPU.ActiveCfg = Debug|iPhone
		{17B0C2AE-F11C-4CDD-BBB6-7F6A226511FE}.Debug|ARM.ActiveCfg = Debug|iPhoneSimulator
		{17B0C2AE-F11C-4CDD-BBB6-7F6A226511FE}.Debug|iPhone.ActiveCfg = Debug|iPhone
		{17B0C2AE-F11C-4CDD-BBB6-7F6A226511FE}.Debug|iPhone.Build.0 = Debug|iPhone
		{17B0C2AE-F11C-4CDD-BBB6-7F6A226511FE}.Debug|iPhoneSimulator.ActiveCfg = Debug|iPhoneSimulator
		{17B0C2AE-F11C-4CDD-BBB6-7F6A226511FE}.Debug|iPhoneSimulator.Build.0 = Debug|iPhoneSimulator
		{17B0C2AE-F11C-4CDD-BBB6-7F6A226511FE}.Debug|Mixed Platforms.ActiveCfg = Debug|iPhone
		{17B0C2AE-F11C-4CDD-BBB6-7F6A226511FE}.Debug|Mixed Platforms.Build.0 = Debug|iPhone
		{17B0C2AE-F11C-4CDD-BBB6-7F6A226511FE}.Debug|x86.ActiveCfg = Debug|iPhoneSimulator
		{17B0C2AE-F11C-4CDD-BBB6-7F6A226511FE}.Release|Any CPU.ActiveCfg = Release|iPhone
		{17B0C2AE-F11C-4CDD-BBB6-7F6A226511FE}.Release|ARM.ActiveCfg = Release|iPhoneSimulator
		{17B0C2AE-F11C-4CDD-BBB6-7F6A226511FE}.Release|iPhone.ActiveCfg = Release|iPhone
		{17B0C2AE-F11C-4CDD-BBB6-7F6A226511FE}.Release|iPhone.Build.0 = Release|iPhone
		{17B0C2AE-F11C-4CDD-BBB6-7F6A226511FE}.Release|iPhoneSimulator.ActiveCfg = Release|iPhoneSimulator
		{17B0C2AE-F11C-4CDD-BBB6-7F6A226511FE}.Release|iPhoneSimulator.Build.0 = Release|iPhoneSimulator
		{17B0C2AE-F11C-4CDD-BBB6-7F6A226511FE}.Release|Mixed Platforms.ActiveCfg = Release|iPhone
		{17B0C2AE-F11C-4CDD-BBB6-7F6A226511FE}.Release|Mixed Platforms.Build.0 = Release|iPhone
		{17B0C2AE-F11C-4CDD-BBB6-7F6A226511FE}.Release|x86.ActiveCfg = Release|iPhoneSimulator
		{045168DE-0CE3-497B-90B4-CC640E64E4C0}.Ad-Hoc|Any CPU.ActiveCfg = Release|Any CPU
		{045168DE-0CE3-497B-90B4-CC640E64E4C0}.Ad-Hoc|Any CPU.Build.0 = Release|Any CPU
		{045168DE-0CE3-497B-90B4-CC640E64E4C0}.Ad-Hoc|ARM.ActiveCfg = Debug|Any CPU
		{045168DE-0CE3-497B-90B4-CC640E64E4C0}.Ad-Hoc|iPhone.ActiveCfg = Release|Any CPU
		{045168DE-0CE3-497B-90B4-CC640E64E4C0}.Ad-Hoc|iPhoneSimulator.ActiveCfg = Release|Any CPU
		{045168DE-0CE3-497B-90B4-CC640E64E4C0}.Ad-Hoc|Mixed Platforms.ActiveCfg = Release|Any CPU
		{045168DE-0CE3-497B-90B4-CC640E64E4C0}.Ad-Hoc|Mixed Platforms.Build.0 = Release|Any CPU
		{045168DE-0CE3-497B-90B4-CC640E64E4C0}.Ad-Hoc|x86.ActiveCfg = Debug|Any CPU
		{045168DE-0CE3-497B-90B4-CC640E64E4C0}.AppStore|Any CPU.ActiveCfg = Release|Any CPU
		{045168DE-0CE3-497B-90B4-CC640E64E4C0}.AppStore|Any CPU.Build.0 = Release|Any CPU
		{045168DE-0CE3-497B-90B4-CC640E64E4C0}.AppStore|ARM.ActiveCfg = Debug|Any CPU
		{045168DE-0CE3-497B-90B4-CC640E64E4C0}.AppStore|iPhone.ActiveCfg = Release|Any CPU
		{045168DE-0CE3-497B-90B4-CC640E64E4C0}.AppStore|iPhoneSimulator.ActiveCfg = Release|Any CPU
		{045168DE-0CE3-497B-90B4-CC640E64E4C0}.AppStore|Mixed Platforms.ActiveCfg = Release|Any CPU
		{045168DE-0CE3-497B-90B4-CC640E64E4C0}.AppStore|Mixed Platforms.Build.0 = Release|Any CPU
		{045168DE-0CE3-497B-90B4-CC640E64E4C0}.AppStore|x86.ActiveCfg = Debug|Any CPU
		{045168DE-0CE3-497B-90B4-CC640E64E4C0}.Debug|Any CPU.ActiveCfg = Debug|Any CPU
		{045168DE-0CE3-497B-90B4-CC640E64E4C0}.Debug|Any CPU.Build.0 = Debug|Any CPU
		{045168DE-0CE3-497B-90B4-CC640E64E4C0}.Debug|ARM.ActiveCfg = Debug|Any CPU
		{045168DE-0CE3-497B-90B4-CC640E64E4C0}.Debug|iPhone.ActiveCfg = Debug|Any CPU
		{045168DE-0CE3-497B-90B4-CC640E64E4C0}.Debug|iPhoneSimulator.ActiveCfg = Debug|Any CPU
		{045168DE-0CE3-497B-90B4-CC640E64E4C0}.Debug|Mixed Platforms.ActiveCfg = Debug|Any CPU
		{045168DE-0CE3-497B-90B4-CC640E64E4C0}.Debug|Mixed Platforms.Build.0 = Debug|Any CPU
		{045168DE-0CE3-497B-90B4-CC640E64E4C0}.Debug|x86.ActiveCfg = Debug|Any CPU
		{045168DE-0CE3-497B-90B4-CC640E64E4C0}.Release|Any CPU.ActiveCfg = Release|Any CPU
		{045168DE-0CE3-497B-90B4-CC640E64E4C0}.Release|Any CPU.Build.0 = Release|Any CPU
		{045168DE-0CE3-497B-90B4-CC640E64E4C0}.Release|ARM.ActiveCfg = Release|Any CPU
		{045168DE-0CE3-497B-90B4-CC640E64E4C0}.Release|iPhone.ActiveCfg = Release|Any CPU
		{045168DE-0CE3-497B-90B4-CC640E64E4C0}.Release|iPhoneSimulator.ActiveCfg = Release|Any CPU
		{045168DE-0CE3-497B-90B4-CC640E64E4C0}.Release|Mixed Platforms.ActiveCfg = Release|Any CPU
		{045168DE-0CE3-497B-90B4-CC640E64E4C0}.Release|Mixed Platforms.Build.0 = Release|Any CPU
		{045168DE-0CE3-497B-90B4-CC640E64E4C0}.Release|x86.ActiveCfg = Release|Any CPU
		{3C016DCC-5D4B-4C54-B517-6D2449B52764}.Ad-Hoc|Any CPU.ActiveCfg = Release|Any CPU
		{3C016DCC-5D4B-4C54-B517-6D2449B52764}.Ad-Hoc|Any CPU.Build.0 = Release|Any CPU
		{3C016DCC-5D4B-4C54-B517-6D2449B52764}.Ad-Hoc|ARM.ActiveCfg = Debug|Any CPU
		{3C016DCC-5D4B-4C54-B517-6D2449B52764}.Ad-Hoc|iPhone.ActiveCfg = Release|Any CPU
		{3C016DCC-5D4B-4C54-B517-6D2449B52764}.Ad-Hoc|iPhoneSimulator.ActiveCfg = Release|Any CPU
		{3C016DCC-5D4B-4C54-B517-6D2449B52764}.Ad-Hoc|Mixed Platforms.ActiveCfg = Release|Any CPU
		{3C016DCC-5D4B-4C54-B517-6D2449B52764}.Ad-Hoc|Mixed Platforms.Build.0 = Release|Any CPU
		{3C016DCC-5D4B-4C54-B517-6D2449B52764}.Ad-Hoc|x86.ActiveCfg = Debug|Any CPU
		{3C016DCC-5D4B-4C54-B517-6D2449B52764}.AppStore|Any CPU.ActiveCfg = Release|Any CPU
		{3C016DCC-5D4B-4C54-B517-6D2449B52764}.AppStore|Any CPU.Build.0 = Release|Any CPU
		{3C016DCC-5D4B-4C54-B517-6D2449B52764}.AppStore|ARM.ActiveCfg = Debug|Any CPU
		{3C016DCC-5D4B-4C54-B517-6D2449B52764}.AppStore|iPhone.ActiveCfg = Release|Any CPU
		{3C016DCC-5D4B-4C54-B517-6D2449B52764}.AppStore|iPhoneSimulator.ActiveCfg = Release|Any CPU
		{3C016DCC-5D4B-4C54-B517-6D2449B52764}.AppStore|Mixed Platforms.ActiveCfg = Release|Any CPU
		{3C016DCC-5D4B-4C54-B517-6D2449B52764}.AppStore|Mixed Platforms.Build.0 = Release|Any CPU
		{3C016DCC-5D4B-4C54-B517-6D2449B52764}.AppStore|x86.ActiveCfg = Debug|Any CPU
		{3C016DCC-5D4B-4C54-B517-6D2449B52764}.Debug|Any CPU.ActiveCfg = Debug|Any CPU
		{3C016DCC-5D4B-4C54-B517-6D2449B52764}.Debug|Any CPU.Build.0 = Debug|Any CPU
		{3C016DCC-5D4B-4C54-B517-6D2449B52764}.Debug|ARM.ActiveCfg = Debug|Any CPU
		{3C016DCC-5D4B-4C54-B517-6D2449B52764}.Debug|iPhone.ActiveCfg = Debug|Any CPU
		{3C016DCC-5D4B-4C54-B517-6D2449B52764}.Debug|iPhoneSimulator.ActiveCfg = Debug|Any CPU
		{3C016DCC-5D4B-4C54-B517-6D2449B52764}.Debug|Mixed Platforms.ActiveCfg = Debug|Any CPU
		{3C016DCC-5D4B-4C54-B517-6D2449B52764}.Debug|Mixed Platforms.Build.0 = Debug|Any CPU
		{3C016DCC-5D4B-4C54-B517-6D2449B52764}.Debug|x86.ActiveCfg = Debug|Any CPU
		{3C016DCC-5D4B-4C54-B517-6D2449B52764}.Release|Any CPU.ActiveCfg = Release|Any CPU
		{3C016DCC-5D4B-4C54-B517-6D2449B52764}.Release|Any CPU.Build.0 = Release|Any CPU
		{3C016DCC-5D4B-4C54-B517-6D2449B52764}.Release|ARM.ActiveCfg = Release|Any CPU
		{3C016DCC-5D4B-4C54-B517-6D2449B52764}.Release|iPhone.ActiveCfg = Release|Any CPU
		{3C016DCC-5D4B-4C54-B517-6D2449B52764}.Release|iPhoneSimulator.ActiveCfg = Release|Any CPU
		{3C016DCC-5D4B-4C54-B517-6D2449B52764}.Release|Mixed Platforms.ActiveCfg = Release|Any CPU
		{3C016DCC-5D4B-4C54-B517-6D2449B52764}.Release|Mixed Platforms.Build.0 = Release|Any CPU
		{3C016DCC-5D4B-4C54-B517-6D2449B52764}.Release|x86.ActiveCfg = Release|Any CPU
		{BA92A235-92D2-4036-967C-6C8FCE9E5737}.Ad-Hoc|Any CPU.ActiveCfg = Ad-Hoc|iPhone
		{BA92A235-92D2-4036-967C-6C8FCE9E5737}.Ad-Hoc|ARM.ActiveCfg = Ad-Hoc|iPhoneSimulator
		{BA92A235-92D2-4036-967C-6C8FCE9E5737}.Ad-Hoc|iPhone.ActiveCfg = Ad-Hoc|iPhone
		{BA92A235-92D2-4036-967C-6C8FCE9E5737}.Ad-Hoc|iPhone.Build.0 = Ad-Hoc|iPhone
		{BA92A235-92D2-4036-967C-6C8FCE9E5737}.Ad-Hoc|iPhoneSimulator.ActiveCfg = Ad-Hoc|iPhoneSimulator
		{BA92A235-92D2-4036-967C-6C8FCE9E5737}.Ad-Hoc|iPhoneSimulator.Build.0 = Ad-Hoc|iPhoneSimulator
		{BA92A235-92D2-4036-967C-6C8FCE9E5737}.Ad-Hoc|Mixed Platforms.ActiveCfg = Ad-Hoc|iPhone
		{BA92A235-92D2-4036-967C-6C8FCE9E5737}.Ad-Hoc|Mixed Platforms.Build.0 = Ad-Hoc|iPhone
		{BA92A235-92D2-4036-967C-6C8FCE9E5737}.Ad-Hoc|x86.ActiveCfg = Ad-Hoc|iPhoneSimulator
		{BA92A235-92D2-4036-967C-6C8FCE9E5737}.AppStore|Any CPU.ActiveCfg = AppStore|iPhone
		{BA92A235-92D2-4036-967C-6C8FCE9E5737}.AppStore|ARM.ActiveCfg = AppStore|iPhoneSimulator
		{BA92A235-92D2-4036-967C-6C8FCE9E5737}.AppStore|iPhone.ActiveCfg = AppStore|iPhone
		{BA92A235-92D2-4036-967C-6C8FCE9E5737}.AppStore|iPhone.Build.0 = AppStore|iPhone
		{BA92A235-92D2-4036-967C-6C8FCE9E5737}.AppStore|iPhoneSimulator.ActiveCfg = AppStore|iPhoneSimulator
		{BA92A235-92D2-4036-967C-6C8FCE9E5737}.AppStore|iPhoneSimulator.Build.0 = AppStore|iPhoneSimulator
		{BA92A235-92D2-4036-967C-6C8FCE9E5737}.AppStore|Mixed Platforms.ActiveCfg = AppStore|iPhone
		{BA92A235-92D2-4036-967C-6C8FCE9E5737}.AppStore|Mixed Platforms.Build.0 = AppStore|iPhone
		{BA92A235-92D2-4036-967C-6C8FCE9E5737}.AppStore|x86.ActiveCfg = AppStore|iPhoneSimulator
		{BA92A235-92D2-4036-967C-6C8FCE9E5737}.Debug|Any CPU.ActiveCfg = Debug|iPhone
		{BA92A235-92D2-4036-967C-6C8FCE9E5737}.Debug|ARM.ActiveCfg = Debug|iPhoneSimulator
		{BA92A235-92D2-4036-967C-6C8FCE9E5737}.Debug|iPhone.ActiveCfg = Debug|iPhone
		{BA92A235-92D2-4036-967C-6C8FCE9E5737}.Debug|iPhone.Build.0 = Debug|iPhone
		{BA92A235-92D2-4036-967C-6C8FCE9E5737}.Debug|iPhoneSimulator.ActiveCfg = Debug|iPhoneSimulator
		{BA92A235-92D2-4036-967C-6C8FCE9E5737}.Debug|iPhoneSimulator.Build.0 = Debug|iPhoneSimulator
		{BA92A235-92D2-4036-967C-6C8FCE9E5737}.Debug|Mixed Platforms.ActiveCfg = Debug|iPhone
		{BA92A235-92D2-4036-967C-6C8FCE9E5737}.Debug|Mixed Platforms.Build.0 = Debug|iPhone
		{BA92A235-92D2-4036-967C-6C8FCE9E5737}.Debug|x86.ActiveCfg = Debug|iPhoneSimulator
		{BA92A235-92D2-4036-967C-6C8FCE9E5737}.Release|Any CPU.ActiveCfg = Release|iPhone
		{BA92A235-92D2-4036-967C-6C8FCE9E5737}.Release|ARM.ActiveCfg = Release|iPhoneSimulator
		{BA92A235-92D2-4036-967C-6C8FCE9E5737}.Release|iPhone.ActiveCfg = Release|iPhone
		{BA92A235-92D2-4036-967C-6C8FCE9E5737}.Release|iPhone.Build.0 = Release|iPhone
		{BA92A235-92D2-4036-967C-6C8FCE9E5737}.Release|iPhoneSimulator.ActiveCfg = Release|iPhoneSimulator
		{BA92A235-92D2-4036-967C-6C8FCE9E5737}.Release|iPhoneSimulator.Build.0 = Release|iPhoneSimulator
		{BA92A235-92D2-4036-967C-6C8FCE9E5737}.Release|Mixed Platforms.ActiveCfg = Release|iPhone
		{BA92A235-92D2-4036-967C-6C8FCE9E5737}.Release|Mixed Platforms.Build.0 = Release|iPhone
		{BA92A235-92D2-4036-967C-6C8FCE9E5737}.Release|x86.ActiveCfg = Release|iPhoneSimulator
		{A6272FD5-FD08-4ADE-8D80-966900E8803E}.Ad-Hoc|Any CPU.ActiveCfg = Release|Any CPU
		{A6272FD5-FD08-4ADE-8D80-966900E8803E}.Ad-Hoc|Any CPU.Build.0 = Release|Any CPU
		{A6272FD5-FD08-4ADE-8D80-966900E8803E}.Ad-Hoc|Any CPU.Deploy.0 = Release|Any CPU
		{A6272FD5-FD08-4ADE-8D80-966900E8803E}.Ad-Hoc|ARM.ActiveCfg = Debug|Any CPU
		{A6272FD5-FD08-4ADE-8D80-966900E8803E}.Ad-Hoc|iPhone.ActiveCfg = Release|Any CPU
		{A6272FD5-FD08-4ADE-8D80-966900E8803E}.Ad-Hoc|iPhoneSimulator.ActiveCfg = Release|Any CPU
		{A6272FD5-FD08-4ADE-8D80-966900E8803E}.Ad-Hoc|Mixed Platforms.ActiveCfg = Release|Any CPU
		{A6272FD5-FD08-4ADE-8D80-966900E8803E}.Ad-Hoc|Mixed Platforms.Build.0 = Release|Any CPU
		{A6272FD5-FD08-4ADE-8D80-966900E8803E}.Ad-Hoc|Mixed Platforms.Deploy.0 = Release|Any CPU
		{A6272FD5-FD08-4ADE-8D80-966900E8803E}.Ad-Hoc|x86.ActiveCfg = Debug|Any CPU
		{A6272FD5-FD08-4ADE-8D80-966900E8803E}.AppStore|Any CPU.ActiveCfg = Release|Any CPU
		{A6272FD5-FD08-4ADE-8D80-966900E8803E}.AppStore|Any CPU.Build.0 = Release|Any CPU
		{A6272FD5-FD08-4ADE-8D80-966900E8803E}.AppStore|Any CPU.Deploy.0 = Release|Any CPU
		{A6272FD5-FD08-4ADE-8D80-966900E8803E}.AppStore|ARM.ActiveCfg = Debug|Any CPU
		{A6272FD5-FD08-4ADE-8D80-966900E8803E}.AppStore|iPhone.ActiveCfg = Release|Any CPU
		{A6272FD5-FD08-4ADE-8D80-966900E8803E}.AppStore|iPhoneSimulator.ActiveCfg = Release|Any CPU
		{A6272FD5-FD08-4ADE-8D80-966900E8803E}.AppStore|Mixed Platforms.ActiveCfg = Release|Any CPU
		{A6272FD5-FD08-4ADE-8D80-966900E8803E}.AppStore|Mixed Platforms.Build.0 = Release|Any CPU
		{A6272FD5-FD08-4ADE-8D80-966900E8803E}.AppStore|Mixed Platforms.Deploy.0 = Release|Any CPU
		{A6272FD5-FD08-4ADE-8D80-966900E8803E}.AppStore|x86.ActiveCfg = Debug|Any CPU
		{A6272FD5-FD08-4ADE-8D80-966900E8803E}.Debug|Any CPU.ActiveCfg = Debug|Any CPU
		{A6272FD5-FD08-4ADE-8D80-966900E8803E}.Debug|Any CPU.Build.0 = Debug|Any CPU
		{A6272FD5-FD08-4ADE-8D80-966900E8803E}.Debug|Any CPU.Deploy.0 = Debug|Any CPU
		{A6272FD5-FD08-4ADE-8D80-966900E8803E}.Debug|ARM.ActiveCfg = Debug|Any CPU
		{A6272FD5-FD08-4ADE-8D80-966900E8803E}.Debug|iPhone.ActiveCfg = Debug|Any CPU
		{A6272FD5-FD08-4ADE-8D80-966900E8803E}.Debug|iPhoneSimulator.ActiveCfg = Debug|Any CPU
		{A6272FD5-FD08-4ADE-8D80-966900E8803E}.Debug|Mixed Platforms.ActiveCfg = Debug|Any CPU
		{A6272FD5-FD08-4ADE-8D80-966900E8803E}.Debug|Mixed Platforms.Build.0 = Debug|Any CPU
		{A6272FD5-FD08-4ADE-8D80-966900E8803E}.Debug|Mixed Platforms.Deploy.0 = Debug|Any CPU
		{A6272FD5-FD08-4ADE-8D80-966900E8803E}.Debug|x86.ActiveCfg = Debug|Any CPU
		{A6272FD5-FD08-4ADE-8D80-966900E8803E}.Release|Any CPU.ActiveCfg = Release|Any CPU
		{A6272FD5-FD08-4ADE-8D80-966900E8803E}.Release|Any CPU.Build.0 = Release|Any CPU
		{A6272FD5-FD08-4ADE-8D80-966900E8803E}.Release|Any CPU.Deploy.0 = Release|Any CPU
		{A6272FD5-FD08-4ADE-8D80-966900E8803E}.Release|ARM.ActiveCfg = Release|Any CPU
		{A6272FD5-FD08-4ADE-8D80-966900E8803E}.Release|iPhone.ActiveCfg = Release|Any CPU
		{A6272FD5-FD08-4ADE-8D80-966900E8803E}.Release|iPhoneSimulator.ActiveCfg = Release|Any CPU
		{A6272FD5-FD08-4ADE-8D80-966900E8803E}.Release|Mixed Platforms.ActiveCfg = Release|Any CPU
		{A6272FD5-FD08-4ADE-8D80-966900E8803E}.Release|Mixed Platforms.Build.0 = Release|Any CPU
		{A6272FD5-FD08-4ADE-8D80-966900E8803E}.Release|Mixed Platforms.Deploy.0 = Release|Any CPU
		{A6272FD5-FD08-4ADE-8D80-966900E8803E}.Release|x86.ActiveCfg = Release|Any CPU
		{4DDCEA82-B747-41A8-84C6-E71F9CFFE7E0}.Ad-Hoc|Any CPU.ActiveCfg = Release|Any CPU
		{4DDCEA82-B747-41A8-84C6-E71F9CFFE7E0}.Ad-Hoc|Any CPU.Build.0 = Release|Any CPU
		{4DDCEA82-B747-41A8-84C6-E71F9CFFE7E0}.Ad-Hoc|ARM.ActiveCfg = Debug|Any CPU
		{4DDCEA82-B747-41A8-84C6-E71F9CFFE7E0}.Ad-Hoc|iPhone.ActiveCfg = Release|Any CPU
		{4DDCEA82-B747-41A8-84C6-E71F9CFFE7E0}.Ad-Hoc|iPhoneSimulator.ActiveCfg = Release|Any CPU
		{4DDCEA82-B747-41A8-84C6-E71F9CFFE7E0}.Ad-Hoc|Mixed Platforms.ActiveCfg = Release|Any CPU
		{4DDCEA82-B747-41A8-84C6-E71F9CFFE7E0}.Ad-Hoc|Mixed Platforms.Build.0 = Release|Any CPU
		{4DDCEA82-B747-41A8-84C6-E71F9CFFE7E0}.Ad-Hoc|x86.ActiveCfg = Debug|Any CPU
		{4DDCEA82-B747-41A8-84C6-E71F9CFFE7E0}.AppStore|Any CPU.ActiveCfg = Release|Any CPU
		{4DDCEA82-B747-41A8-84C6-E71F9CFFE7E0}.AppStore|Any CPU.Build.0 = Release|Any CPU
		{4DDCEA82-B747-41A8-84C6-E71F9CFFE7E0}.AppStore|ARM.ActiveCfg = Debug|Any CPU
		{4DDCEA82-B747-41A8-84C6-E71F9CFFE7E0}.AppStore|iPhone.ActiveCfg = Release|Any CPU
		{4DDCEA82-B747-41A8-84C6-E71F9CFFE7E0}.AppStore|iPhoneSimulator.ActiveCfg = Release|Any CPU
		{4DDCEA82-B747-41A8-84C6-E71F9CFFE7E0}.AppStore|Mixed Platforms.ActiveCfg = Release|Any CPU
		{4DDCEA82-B747-41A8-84C6-E71F9CFFE7E0}.AppStore|Mixed Platforms.Build.0 = Release|Any CPU
		{4DDCEA82-B747-41A8-84C6-E71F9CFFE7E0}.AppStore|x86.ActiveCfg = Debug|Any CPU
		{4DDCEA82-B747-41A8-84C6-E71F9CFFE7E0}.Debug|Any CPU.ActiveCfg = Debug|Any CPU
		{4DDCEA82-B747-41A8-84C6-E71F9CFFE7E0}.Debug|Any CPU.Build.0 = Debug|Any CPU
		{4DDCEA82-B747-41A8-84C6-E71F9CFFE7E0}.Debug|ARM.ActiveCfg = Debug|Any CPU
		{4DDCEA82-B747-41A8-84C6-E71F9CFFE7E0}.Debug|iPhone.ActiveCfg = Debug|Any CPU
		{4DDCEA82-B747-41A8-84C6-E71F9CFFE7E0}.Debug|iPhoneSimulator.ActiveCfg = Debug|Any CPU
		{4DDCEA82-B747-41A8-84C6-E71F9CFFE7E0}.Debug|Mixed Platforms.ActiveCfg = Debug|Any CPU
		{4DDCEA82-B747-41A8-84C6-E71F9CFFE7E0}.Debug|Mixed Platforms.Build.0 = Debug|Any CPU
		{4DDCEA82-B747-41A8-84C6-E71F9CFFE7E0}.Debug|x86.ActiveCfg = Debug|Any CPU
		{4DDCEA82-B747-41A8-84C6-E71F9CFFE7E0}.Release|Any CPU.ActiveCfg = Release|Any CPU
		{4DDCEA82-B747-41A8-84C6-E71F9CFFE7E0}.Release|Any CPU.Build.0 = Release|Any CPU
		{4DDCEA82-B747-41A8-84C6-E71F9CFFE7E0}.Release|ARM.ActiveCfg = Release|Any CPU
		{4DDCEA82-B747-41A8-84C6-E71F9CFFE7E0}.Release|iPhone.ActiveCfg = Release|Any CPU
		{4DDCEA82-B747-41A8-84C6-E71F9CFFE7E0}.Release|iPhoneSimulator.ActiveCfg = Release|Any CPU
		{4DDCEA82-B747-41A8-84C6-E71F9CFFE7E0}.Release|Mixed Platforms.ActiveCfg = Release|Any CPU
		{4DDCEA82-B747-41A8-84C6-E71F9CFFE7E0}.Release|Mixed Platforms.Build.0 = Release|Any CPU
		{4DDCEA82-B747-41A8-84C6-E71F9CFFE7E0}.Release|x86.ActiveCfg = Release|Any CPU
		{8F0973C8-6773-4F4F-A73C-BA5F91B54AC2}.Ad-Hoc|Any CPU.ActiveCfg = Release|Any CPU
		{8F0973C8-6773-4F4F-A73C-BA5F91B54AC2}.Ad-Hoc|Any CPU.Build.0 = Release|Any CPU
		{8F0973C8-6773-4F4F-A73C-BA5F91B54AC2}.Ad-Hoc|ARM.ActiveCfg = Release|Any CPU
		{8F0973C8-6773-4F4F-A73C-BA5F91B54AC2}.Ad-Hoc|iPhone.ActiveCfg = Release|Any CPU
		{8F0973C8-6773-4F4F-A73C-BA5F91B54AC2}.Ad-Hoc|iPhoneSimulator.ActiveCfg = Release|Any CPU
		{8F0973C8-6773-4F4F-A73C-BA5F91B54AC2}.Ad-Hoc|Mixed Platforms.ActiveCfg = Release|Any CPU
		{8F0973C8-6773-4F4F-A73C-BA5F91B54AC2}.Ad-Hoc|Mixed Platforms.Build.0 = Release|Any CPU
		{8F0973C8-6773-4F4F-A73C-BA5F91B54AC2}.Ad-Hoc|x86.ActiveCfg = Release|Any CPU
		{8F0973C8-6773-4F4F-A73C-BA5F91B54AC2}.AppStore|Any CPU.ActiveCfg = Release|Any CPU
		{8F0973C8-6773-4F4F-A73C-BA5F91B54AC2}.AppStore|Any CPU.Build.0 = Release|Any CPU
		{8F0973C8-6773-4F4F-A73C-BA5F91B54AC2}.AppStore|ARM.ActiveCfg = Release|Any CPU
		{8F0973C8-6773-4F4F-A73C-BA5F91B54AC2}.AppStore|iPhone.ActiveCfg = Release|Any CPU
		{8F0973C8-6773-4F4F-A73C-BA5F91B54AC2}.AppStore|iPhoneSimulator.ActiveCfg = Release|Any CPU
		{8F0973C8-6773-4F4F-A73C-BA5F91B54AC2}.AppStore|Mixed Platforms.ActiveCfg = Release|Any CPU
		{8F0973C8-6773-4F4F-A73C-BA5F91B54AC2}.AppStore|Mixed Platforms.Build.0 = Release|Any CPU
		{8F0973C8-6773-4F4F-A73C-BA5F91B54AC2}.AppStore|x86.ActiveCfg = Release|Any CPU
		{8F0973C8-6773-4F4F-A73C-BA5F91B54AC2}.Debug|Any CPU.ActiveCfg = Debug|Any CPU
		{8F0973C8-6773-4F4F-A73C-BA5F91B54AC2}.Debug|Any CPU.Build.0 = Debug|Any CPU
		{8F0973C8-6773-4F4F-A73C-BA5F91B54AC2}.Debug|ARM.ActiveCfg = Debug|Any CPU
		{8F0973C8-6773-4F4F-A73C-BA5F91B54AC2}.Debug|iPhone.ActiveCfg = Debug|Any CPU
		{8F0973C8-6773-4F4F-A73C-BA5F91B54AC2}.Debug|iPhoneSimulator.ActiveCfg = Debug|Any CPU
		{8F0973C8-6773-4F4F-A73C-BA5F91B54AC2}.Debug|Mixed Platforms.ActiveCfg = Debug|Any CPU
		{8F0973C8-6773-4F4F-A73C-BA5F91B54AC2}.Debug|Mixed Platforms.Build.0 = Debug|Any CPU
		{8F0973C8-6773-4F4F-A73C-BA5F91B54AC2}.Debug|x86.ActiveCfg = Debug|Any CPU
		{8F0973C8-6773-4F4F-A73C-BA5F91B54AC2}.Release|Any CPU.ActiveCfg = Release|Any CPU
		{8F0973C8-6773-4F4F-A73C-BA5F91B54AC2}.Release|Any CPU.Build.0 = Release|Any CPU
		{8F0973C8-6773-4F4F-A73C-BA5F91B54AC2}.Release|ARM.ActiveCfg = Release|Any CPU
		{8F0973C8-6773-4F4F-A73C-BA5F91B54AC2}.Release|iPhone.ActiveCfg = Release|Any CPU
		{8F0973C8-6773-4F4F-A73C-BA5F91B54AC2}.Release|iPhoneSimulator.ActiveCfg = Release|Any CPU
		{8F0973C8-6773-4F4F-A73C-BA5F91B54AC2}.Release|Mixed Platforms.ActiveCfg = Release|Any CPU
		{8F0973C8-6773-4F4F-A73C-BA5F91B54AC2}.Release|Mixed Platforms.Build.0 = Release|Any CPU
		{8F0973C8-6773-4F4F-A73C-BA5F91B54AC2}.Release|x86.ActiveCfg = Release|Any CPU
		{B2554995-B785-444A-A498-9FB21F2B6273}.Ad-Hoc|Any CPU.ActiveCfg = Ad-Hoc|iPhone
		{B2554995-B785-444A-A498-9FB21F2B6273}.Ad-Hoc|ARM.ActiveCfg = Ad-Hoc|iPhone
		{B2554995-B785-444A-A498-9FB21F2B6273}.Ad-Hoc|iPhone.ActiveCfg = Ad-Hoc|iPhone
		{B2554995-B785-444A-A498-9FB21F2B6273}.Ad-Hoc|iPhone.Build.0 = Ad-Hoc|iPhone
		{B2554995-B785-444A-A498-9FB21F2B6273}.Ad-Hoc|iPhoneSimulator.ActiveCfg = Ad-Hoc|iPhoneSimulator
		{B2554995-B785-444A-A498-9FB21F2B6273}.Ad-Hoc|iPhoneSimulator.Build.0 = Ad-Hoc|iPhoneSimulator
		{B2554995-B785-444A-A498-9FB21F2B6273}.Ad-Hoc|Mixed Platforms.ActiveCfg = Ad-Hoc|iPhone
		{B2554995-B785-444A-A498-9FB21F2B6273}.Ad-Hoc|Mixed Platforms.Build.0 = Ad-Hoc|iPhone
		{B2554995-B785-444A-A498-9FB21F2B6273}.Ad-Hoc|x86.ActiveCfg = Ad-Hoc|iPhone
		{B2554995-B785-444A-A498-9FB21F2B6273}.AppStore|Any CPU.ActiveCfg = AppStore|iPhone
		{B2554995-B785-444A-A498-9FB21F2B6273}.AppStore|ARM.ActiveCfg = AppStore|iPhone
		{B2554995-B785-444A-A498-9FB21F2B6273}.AppStore|iPhone.ActiveCfg = AppStore|iPhone
		{B2554995-B785-444A-A498-9FB21F2B6273}.AppStore|iPhone.Build.0 = AppStore|iPhone
		{B2554995-B785-444A-A498-9FB21F2B6273}.AppStore|iPhoneSimulator.ActiveCfg = AppStore|iPhoneSimulator
		{B2554995-B785-444A-A498-9FB21F2B6273}.AppStore|iPhoneSimulator.Build.0 = AppStore|iPhoneSimulator
		{B2554995-B785-444A-A498-9FB21F2B6273}.AppStore|Mixed Platforms.ActiveCfg = AppStore|iPhone
		{B2554995-B785-444A-A498-9FB21F2B6273}.AppStore|Mixed Platforms.Build.0 = AppStore|iPhone
		{B2554995-B785-444A-A498-9FB21F2B6273}.AppStore|x86.ActiveCfg = AppStore|iPhone
		{B2554995-B785-444A-A498-9FB21F2B6273}.Debug|Any CPU.ActiveCfg = Debug|iPhone
		{B2554995-B785-444A-A498-9FB21F2B6273}.Debug|ARM.ActiveCfg = Debug|iPhone
		{B2554995-B785-444A-A498-9FB21F2B6273}.Debug|iPhone.ActiveCfg = Debug|iPhone
		{B2554995-B785-444A-A498-9FB21F2B6273}.Debug|iPhone.Build.0 = Debug|iPhone
		{B2554995-B785-444A-A498-9FB21F2B6273}.Debug|iPhoneSimulator.ActiveCfg = Debug|iPhoneSimulator
		{B2554995-B785-444A-A498-9FB21F2B6273}.Debug|iPhoneSimulator.Build.0 = Debug|iPhoneSimulator
		{B2554995-B785-444A-A498-9FB21F2B6273}.Debug|Mixed Platforms.ActiveCfg = Debug|iPhone
		{B2554995-B785-444A-A498-9FB21F2B6273}.Debug|Mixed Platforms.Build.0 = Debug|iPhone
		{B2554995-B785-444A-A498-9FB21F2B6273}.Debug|x86.ActiveCfg = Debug|iPhone
		{B2554995-B785-444A-A498-9FB21F2B6273}.Release|Any CPU.ActiveCfg = Release|iPhone
		{B2554995-B785-444A-A498-9FB21F2B6273}.Release|ARM.ActiveCfg = Release|iPhone
		{B2554995-B785-444A-A498-9FB21F2B6273}.Release|iPhone.ActiveCfg = Release|iPhone
		{B2554995-B785-444A-A498-9FB21F2B6273}.Release|iPhone.Build.0 = Release|iPhone
		{B2554995-B785-444A-A498-9FB21F2B6273}.Release|iPhoneSimulator.ActiveCfg = Release|iPhoneSimulator
		{B2554995-B785-444A-A498-9FB21F2B6273}.Release|iPhoneSimulator.Build.0 = Release|iPhoneSimulator
		{B2554995-B785-444A-A498-9FB21F2B6273}.Release|Mixed Platforms.ActiveCfg = Release|iPhone
		{B2554995-B785-444A-A498-9FB21F2B6273}.Release|Mixed Platforms.Build.0 = Release|iPhone
		{B2554995-B785-444A-A498-9FB21F2B6273}.Release|x86.ActiveCfg = Release|iPhone
		{68D2D1FA-3BBE-4DE2-8C5B-23A40FA64F17}.Ad-Hoc|Any CPU.ActiveCfg = Release|Any CPU
		{68D2D1FA-3BBE-4DE2-8C5B-23A40FA64F17}.Ad-Hoc|Any CPU.Build.0 = Release|Any CPU
		{68D2D1FA-3BBE-4DE2-8C5B-23A40FA64F17}.Ad-Hoc|ARM.ActiveCfg = Release|Any CPU
		{68D2D1FA-3BBE-4DE2-8C5B-23A40FA64F17}.Ad-Hoc|iPhone.ActiveCfg = Release|Any CPU
		{68D2D1FA-3BBE-4DE2-8C5B-23A40FA64F17}.Ad-Hoc|iPhoneSimulator.ActiveCfg = Release|Any CPU
		{68D2D1FA-3BBE-4DE2-8C5B-23A40FA64F17}.Ad-Hoc|Mixed Platforms.ActiveCfg = Release|Any CPU
		{68D2D1FA-3BBE-4DE2-8C5B-23A40FA64F17}.Ad-Hoc|Mixed Platforms.Build.0 = Release|Any CPU
		{68D2D1FA-3BBE-4DE2-8C5B-23A40FA64F17}.Ad-Hoc|x86.ActiveCfg = Release|Any CPU
		{68D2D1FA-3BBE-4DE2-8C5B-23A40FA64F17}.AppStore|Any CPU.ActiveCfg = Release|Any CPU
		{68D2D1FA-3BBE-4DE2-8C5B-23A40FA64F17}.AppStore|Any CPU.Build.0 = Release|Any CPU
		{68D2D1FA-3BBE-4DE2-8C5B-23A40FA64F17}.AppStore|ARM.ActiveCfg = Release|Any CPU
		{68D2D1FA-3BBE-4DE2-8C5B-23A40FA64F17}.AppStore|iPhone.ActiveCfg = Release|Any CPU
		{68D2D1FA-3BBE-4DE2-8C5B-23A40FA64F17}.AppStore|iPhoneSimulator.ActiveCfg = Release|Any CPU
		{68D2D1FA-3BBE-4DE2-8C5B-23A40FA64F17}.AppStore|Mixed Platforms.ActiveCfg = Release|Any CPU
		{68D2D1FA-3BBE-4DE2-8C5B-23A40FA64F17}.AppStore|Mixed Platforms.Build.0 = Release|Any CPU
		{68D2D1FA-3BBE-4DE2-8C5B-23A40FA64F17}.AppStore|x86.ActiveCfg = Release|Any CPU
		{68D2D1FA-3BBE-4DE2-8C5B-23A40FA64F17}.Debug|Any CPU.ActiveCfg = Debug|Any CPU
		{68D2D1FA-3BBE-4DE2-8C5B-23A40FA64F17}.Debug|Any CPU.Build.0 = Debug|Any CPU
		{68D2D1FA-3BBE-4DE2-8C5B-23A40FA64F17}.Debug|ARM.ActiveCfg = Debug|Any CPU
		{68D2D1FA-3BBE-4DE2-8C5B-23A40FA64F17}.Debug|iPhone.ActiveCfg = Debug|Any CPU
		{68D2D1FA-3BBE-4DE2-8C5B-23A40FA64F17}.Debug|iPhoneSimulator.ActiveCfg = Debug|Any CPU
		{68D2D1FA-3BBE-4DE2-8C5B-23A40FA64F17}.Debug|Mixed Platforms.ActiveCfg = Debug|Any CPU
		{68D2D1FA-3BBE-4DE2-8C5B-23A40FA64F17}.Debug|Mixed Platforms.Build.0 = Debug|Any CPU
		{68D2D1FA-3BBE-4DE2-8C5B-23A40FA64F17}.Debug|x86.ActiveCfg = Debug|Any CPU
		{68D2D1FA-3BBE-4DE2-8C5B-23A40FA64F17}.Release|Any CPU.ActiveCfg = Release|Any CPU
		{68D2D1FA-3BBE-4DE2-8C5B-23A40FA64F17}.Release|Any CPU.Build.0 = Release|Any CPU
		{68D2D1FA-3BBE-4DE2-8C5B-23A40FA64F17}.Release|ARM.ActiveCfg = Release|Any CPU
		{68D2D1FA-3BBE-4DE2-8C5B-23A40FA64F17}.Release|iPhone.ActiveCfg = Release|Any CPU
		{68D2D1FA-3BBE-4DE2-8C5B-23A40FA64F17}.Release|iPhoneSimulator.ActiveCfg = Release|Any CPU
		{68D2D1FA-3BBE-4DE2-8C5B-23A40FA64F17}.Release|Mixed Platforms.ActiveCfg = Release|Any CPU
		{68D2D1FA-3BBE-4DE2-8C5B-23A40FA64F17}.Release|Mixed Platforms.Build.0 = Release|Any CPU
		{68D2D1FA-3BBE-4DE2-8C5B-23A40FA64F17}.Release|x86.ActiveCfg = Release|Any CPU
		{F72A6046-94D5-41BE-80C8-09C638E94709}.Ad-Hoc|Any CPU.ActiveCfg = Release|Any CPU
		{F72A6046-94D5-41BE-80C8-09C638E94709}.Ad-Hoc|Any CPU.Build.0 = Release|Any CPU
		{F72A6046-94D5-41BE-80C8-09C638E94709}.Ad-Hoc|ARM.ActiveCfg = Release|Any CPU
		{F72A6046-94D5-41BE-80C8-09C638E94709}.Ad-Hoc|iPhone.ActiveCfg = Release|Any CPU
		{F72A6046-94D5-41BE-80C8-09C638E94709}.Ad-Hoc|iPhoneSimulator.ActiveCfg = Release|Any CPU
		{F72A6046-94D5-41BE-80C8-09C638E94709}.Ad-Hoc|Mixed Platforms.ActiveCfg = Release|Any CPU
		{F72A6046-94D5-41BE-80C8-09C638E94709}.Ad-Hoc|Mixed Platforms.Build.0 = Release|Any CPU
		{F72A6046-94D5-41BE-80C8-09C638E94709}.Ad-Hoc|x86.ActiveCfg = Release|Any CPU
		{F72A6046-94D5-41BE-80C8-09C638E94709}.AppStore|Any CPU.ActiveCfg = Release|Any CPU
		{F72A6046-94D5-41BE-80C8-09C638E94709}.AppStore|Any CPU.Build.0 = Release|Any CPU
		{F72A6046-94D5-41BE-80C8-09C638E94709}.AppStore|ARM.ActiveCfg = Release|Any CPU
		{F72A6046-94D5-41BE-80C8-09C638E94709}.AppStore|iPhone.ActiveCfg = Release|Any CPU
		{F72A6046-94D5-41BE-80C8-09C638E94709}.AppStore|iPhoneSimulator.ActiveCfg = Release|Any CPU
		{F72A6046-94D5-41BE-80C8-09C638E94709}.AppStore|Mixed Platforms.ActiveCfg = Release|Any CPU
		{F72A6046-94D5-41BE-80C8-09C638E94709}.AppStore|Mixed Platforms.Build.0 = Release|Any CPU
		{F72A6046-94D5-41BE-80C8-09C638E94709}.AppStore|x86.ActiveCfg = Release|Any CPU
		{F72A6046-94D5-41BE-80C8-09C638E94709}.Debug|Any CPU.ActiveCfg = Debug|Any CPU
		{F72A6046-94D5-41BE-80C8-09C638E94709}.Debug|Any CPU.Build.0 = Debug|Any CPU
		{F72A6046-94D5-41BE-80C8-09C638E94709}.Debug|ARM.ActiveCfg = Debug|Any CPU
		{F72A6046-94D5-41BE-80C8-09C638E94709}.Debug|iPhone.ActiveCfg = Debug|Any CPU
		{F72A6046-94D5-41BE-80C8-09C638E94709}.Debug|iPhoneSimulator.ActiveCfg = Debug|Any CPU
		{F72A6046-94D5-41BE-80C8-09C638E94709}.Debug|iPhoneSimulator.Build.0 = Debug|Any CPU
		{F72A6046-94D5-41BE-80C8-09C638E94709}.Debug|Mixed Platforms.ActiveCfg = Debug|Any CPU
		{F72A6046-94D5-41BE-80C8-09C638E94709}.Debug|Mixed Platforms.Build.0 = Debug|Any CPU
		{F72A6046-94D5-41BE-80C8-09C638E94709}.Debug|x86.ActiveCfg = Debug|Any CPU
		{F72A6046-94D5-41BE-80C8-09C638E94709}.Release|Any CPU.ActiveCfg = Release|Any CPU
		{F72A6046-94D5-41BE-80C8-09C638E94709}.Release|Any CPU.Build.0 = Release|Any CPU
		{F72A6046-94D5-41BE-80C8-09C638E94709}.Release|ARM.ActiveCfg = Release|Any CPU
		{F72A6046-94D5-41BE-80C8-09C638E94709}.Release|iPhone.ActiveCfg = Release|Any CPU
		{F72A6046-94D5-41BE-80C8-09C638E94709}.Release|iPhoneSimulator.ActiveCfg = Release|Any CPU
		{F72A6046-94D5-41BE-80C8-09C638E94709}.Release|Mixed Platforms.ActiveCfg = Release|Any CPU
		{F72A6046-94D5-41BE-80C8-09C638E94709}.Release|Mixed Platforms.Build.0 = Release|Any CPU
		{F72A6046-94D5-41BE-80C8-09C638E94709}.Release|x86.ActiveCfg = Release|Any CPU
		{13D2A543-E1AF-41FE-9701-F86A6E16B713}.Ad-Hoc|Any CPU.ActiveCfg = Ad-Hoc|iPhone
		{13D2A543-E1AF-41FE-9701-F86A6E16B713}.Ad-Hoc|ARM.ActiveCfg = Ad-Hoc|iPhone
		{13D2A543-E1AF-41FE-9701-F86A6E16B713}.Ad-Hoc|iPhone.ActiveCfg = Ad-Hoc|iPhone
		{13D2A543-E1AF-41FE-9701-F86A6E16B713}.Ad-Hoc|iPhone.Build.0 = Ad-Hoc|iPhone
		{13D2A543-E1AF-41FE-9701-F86A6E16B713}.Ad-Hoc|iPhoneSimulator.ActiveCfg = Ad-Hoc|iPhoneSimulator
		{13D2A543-E1AF-41FE-9701-F86A6E16B713}.Ad-Hoc|iPhoneSimulator.Build.0 = Ad-Hoc|iPhoneSimulator
		{13D2A543-E1AF-41FE-9701-F86A6E16B713}.Ad-Hoc|Mixed Platforms.ActiveCfg = Ad-Hoc|iPhone
		{13D2A543-E1AF-41FE-9701-F86A6E16B713}.Ad-Hoc|Mixed Platforms.Build.0 = Ad-Hoc|iPhone
		{13D2A543-E1AF-41FE-9701-F86A6E16B713}.Ad-Hoc|x86.ActiveCfg = Ad-Hoc|iPhone
		{13D2A543-E1AF-41FE-9701-F86A6E16B713}.AppStore|Any CPU.ActiveCfg = AppStore|iPhone
		{13D2A543-E1AF-41FE-9701-F86A6E16B713}.AppStore|ARM.ActiveCfg = AppStore|iPhone
		{13D2A543-E1AF-41FE-9701-F86A6E16B713}.AppStore|iPhone.ActiveCfg = AppStore|iPhone
		{13D2A543-E1AF-41FE-9701-F86A6E16B713}.AppStore|iPhone.Build.0 = AppStore|iPhone
		{13D2A543-E1AF-41FE-9701-F86A6E16B713}.AppStore|iPhoneSimulator.ActiveCfg = AppStore|iPhoneSimulator
		{13D2A543-E1AF-41FE-9701-F86A6E16B713}.AppStore|iPhoneSimulator.Build.0 = AppStore|iPhoneSimulator
		{13D2A543-E1AF-41FE-9701-F86A6E16B713}.AppStore|Mixed Platforms.ActiveCfg = AppStore|iPhone
		{13D2A543-E1AF-41FE-9701-F86A6E16B713}.AppStore|Mixed Platforms.Build.0 = AppStore|iPhone
		{13D2A543-E1AF-41FE-9701-F86A6E16B713}.AppStore|x86.ActiveCfg = AppStore|iPhone
		{13D2A543-E1AF-41FE-9701-F86A6E16B713}.Debug|Any CPU.ActiveCfg = Debug|iPhone
		{13D2A543-E1AF-41FE-9701-F86A6E16B713}.Debug|ARM.ActiveCfg = Debug|iPhone
		{13D2A543-E1AF-41FE-9701-F86A6E16B713}.Debug|iPhone.ActiveCfg = Debug|iPhone
		{13D2A543-E1AF-41FE-9701-F86A6E16B713}.Debug|iPhone.Build.0 = Debug|iPhone
		{13D2A543-E1AF-41FE-9701-F86A6E16B713}.Debug|iPhoneSimulator.ActiveCfg = Debug|iPhoneSimulator
		{13D2A543-E1AF-41FE-9701-F86A6E16B713}.Debug|iPhoneSimulator.Build.0 = Debug|iPhoneSimulator
		{13D2A543-E1AF-41FE-9701-F86A6E16B713}.Debug|Mixed Platforms.ActiveCfg = Debug|iPhone
		{13D2A543-E1AF-41FE-9701-F86A6E16B713}.Debug|Mixed Platforms.Build.0 = Debug|iPhone
		{13D2A543-E1AF-41FE-9701-F86A6E16B713}.Debug|x86.ActiveCfg = Debug|iPhone
		{13D2A543-E1AF-41FE-9701-F86A6E16B713}.Release|Any CPU.ActiveCfg = Release|iPhone
		{13D2A543-E1AF-41FE-9701-F86A6E16B713}.Release|ARM.ActiveCfg = Release|iPhone
		{13D2A543-E1AF-41FE-9701-F86A6E16B713}.Release|iPhone.ActiveCfg = Release|iPhone
		{13D2A543-E1AF-41FE-9701-F86A6E16B713}.Release|iPhone.Build.0 = Release|iPhone
		{13D2A543-E1AF-41FE-9701-F86A6E16B713}.Release|iPhoneSimulator.ActiveCfg = Release|iPhoneSimulator
		{13D2A543-E1AF-41FE-9701-F86A6E16B713}.Release|iPhoneSimulator.Build.0 = Release|iPhoneSimulator
		{13D2A543-E1AF-41FE-9701-F86A6E16B713}.Release|Mixed Platforms.ActiveCfg = Release|iPhone
		{13D2A543-E1AF-41FE-9701-F86A6E16B713}.Release|Mixed Platforms.Build.0 = Release|iPhone
		{13D2A543-E1AF-41FE-9701-F86A6E16B713}.Release|x86.ActiveCfg = Release|iPhone
		{EB881DEA-ECF9-4C85-B2B9-7250B4AB2D29}.Ad-Hoc|Any CPU.ActiveCfg = Release|Any CPU
		{EB881DEA-ECF9-4C85-B2B9-7250B4AB2D29}.Ad-Hoc|Any CPU.Build.0 = Release|Any CPU
		{EB881DEA-ECF9-4C85-B2B9-7250B4AB2D29}.Ad-Hoc|Any CPU.Deploy.0 = Release|Any CPU
		{EB881DEA-ECF9-4C85-B2B9-7250B4AB2D29}.Ad-Hoc|ARM.ActiveCfg = Release|Any CPU
		{EB881DEA-ECF9-4C85-B2B9-7250B4AB2D29}.Ad-Hoc|iPhone.ActiveCfg = Release|Any CPU
		{EB881DEA-ECF9-4C85-B2B9-7250B4AB2D29}.Ad-Hoc|iPhoneSimulator.ActiveCfg = Release|Any CPU
		{EB881DEA-ECF9-4C85-B2B9-7250B4AB2D29}.Ad-Hoc|Mixed Platforms.ActiveCfg = Release|Any CPU
		{EB881DEA-ECF9-4C85-B2B9-7250B4AB2D29}.Ad-Hoc|Mixed Platforms.Build.0 = Release|Any CPU
		{EB881DEA-ECF9-4C85-B2B9-7250B4AB2D29}.Ad-Hoc|Mixed Platforms.Deploy.0 = Release|Any CPU
		{EB881DEA-ECF9-4C85-B2B9-7250B4AB2D29}.Ad-Hoc|x86.ActiveCfg = Release|Any CPU
		{EB881DEA-ECF9-4C85-B2B9-7250B4AB2D29}.AppStore|Any CPU.ActiveCfg = Release|Any CPU
		{EB881DEA-ECF9-4C85-B2B9-7250B4AB2D29}.AppStore|Any CPU.Build.0 = Release|Any CPU
		{EB881DEA-ECF9-4C85-B2B9-7250B4AB2D29}.AppStore|Any CPU.Deploy.0 = Release|Any CPU
		{EB881DEA-ECF9-4C85-B2B9-7250B4AB2D29}.AppStore|ARM.ActiveCfg = Release|Any CPU
		{EB881DEA-ECF9-4C85-B2B9-7250B4AB2D29}.AppStore|iPhone.ActiveCfg = Release|Any CPU
		{EB881DEA-ECF9-4C85-B2B9-7250B4AB2D29}.AppStore|iPhoneSimulator.ActiveCfg = Release|Any CPU
		{EB881DEA-ECF9-4C85-B2B9-7250B4AB2D29}.AppStore|Mixed Platforms.ActiveCfg = Release|Any CPU
		{EB881DEA-ECF9-4C85-B2B9-7250B4AB2D29}.AppStore|Mixed Platforms.Build.0 = Release|Any CPU
		{EB881DEA-ECF9-4C85-B2B9-7250B4AB2D29}.AppStore|Mixed Platforms.Deploy.0 = Release|Any CPU
		{EB881DEA-ECF9-4C85-B2B9-7250B4AB2D29}.AppStore|x86.ActiveCfg = Release|Any CPU
		{EB881DEA-ECF9-4C85-B2B9-7250B4AB2D29}.Debug|Any CPU.ActiveCfg = Debug|Any CPU
		{EB881DEA-ECF9-4C85-B2B9-7250B4AB2D29}.Debug|Any CPU.Build.0 = Debug|Any CPU
		{EB881DEA-ECF9-4C85-B2B9-7250B4AB2D29}.Debug|Any CPU.Deploy.0 = Debug|Any CPU
		{EB881DEA-ECF9-4C85-B2B9-7250B4AB2D29}.Debug|ARM.ActiveCfg = Debug|Any CPU
		{EB881DEA-ECF9-4C85-B2B9-7250B4AB2D29}.Debug|iPhone.ActiveCfg = Debug|Any CPU
		{EB881DEA-ECF9-4C85-B2B9-7250B4AB2D29}.Debug|iPhoneSimulator.ActiveCfg = Debug|Any CPU
		{EB881DEA-ECF9-4C85-B2B9-7250B4AB2D29}.Debug|Mixed Platforms.ActiveCfg = Debug|Any CPU
		{EB881DEA-ECF9-4C85-B2B9-7250B4AB2D29}.Debug|Mixed Platforms.Build.0 = Debug|Any CPU
		{EB881DEA-ECF9-4C85-B2B9-7250B4AB2D29}.Debug|Mixed Platforms.Deploy.0 = Debug|Any CPU
		{EB881DEA-ECF9-4C85-B2B9-7250B4AB2D29}.Debug|x86.ActiveCfg = Debug|Any CPU
		{EB881DEA-ECF9-4C85-B2B9-7250B4AB2D29}.Release|Any CPU.ActiveCfg = Release|Any CPU
		{EB881DEA-ECF9-4C85-B2B9-7250B4AB2D29}.Release|Any CPU.Build.0 = Release|Any CPU
		{EB881DEA-ECF9-4C85-B2B9-7250B4AB2D29}.Release|Any CPU.Deploy.0 = Release|Any CPU
		{EB881DEA-ECF9-4C85-B2B9-7250B4AB2D29}.Release|ARM.ActiveCfg = Release|Any CPU
		{EB881DEA-ECF9-4C85-B2B9-7250B4AB2D29}.Release|iPhone.ActiveCfg = Release|Any CPU
		{EB881DEA-ECF9-4C85-B2B9-7250B4AB2D29}.Release|iPhoneSimulator.ActiveCfg = Release|Any CPU
		{EB881DEA-ECF9-4C85-B2B9-7250B4AB2D29}.Release|Mixed Platforms.ActiveCfg = Release|Any CPU
		{EB881DEA-ECF9-4C85-B2B9-7250B4AB2D29}.Release|Mixed Platforms.Build.0 = Release|Any CPU
		{EB881DEA-ECF9-4C85-B2B9-7250B4AB2D29}.Release|Mixed Platforms.Deploy.0 = Release|Any CPU
		{EB881DEA-ECF9-4C85-B2B9-7250B4AB2D29}.Release|x86.ActiveCfg = Release|Any CPU
	EndGlobalSection
	GlobalSection(SolutionProperties) = preSolution
		HideSolutionNode = FALSE
	EndGlobalSection
	GlobalSection(NestedProjects) = preSolution
		{17B0C2AE-F11C-4CDD-BBB6-7F6A226511FE} = {AEC8416A-B1DC-4FAD-9FBC-3EE89A025BEC}
		{045168DE-0CE3-497B-90B4-CC640E64E4C0} = {AEC8416A-B1DC-4FAD-9FBC-3EE89A025BEC}
		{3C016DCC-5D4B-4C54-B517-6D2449B52764} = {D0BE9A33-1AB1-4D51-BACC-FFCB16D6E560}
		{BA92A235-92D2-4036-967C-6C8FCE9E5737} = {D0BE9A33-1AB1-4D51-BACC-FFCB16D6E560}
		{A6272FD5-FD08-4ADE-8D80-966900E8803E} = {AEC8416A-B1DC-4FAD-9FBC-3EE89A025BEC}
		{4DDCEA82-B747-41A8-84C6-E71F9CFFE7E0} = {AEC8416A-B1DC-4FAD-9FBC-3EE89A025BEC}
		{8F0973C8-6773-4F4F-A73C-BA5F91B54AC2} = {E6CBB3A7-E998-41ED-BA23-38513CE48037}
		{B2554995-B785-444A-A498-9FB21F2B6273} = {E6CBB3A7-E998-41ED-BA23-38513CE48037}
		{68D2D1FA-3BBE-4DE2-8C5B-23A40FA64F17} = {E6CBB3A7-E998-41ED-BA23-38513CE48037}
		{F72A6046-94D5-41BE-80C8-09C638E94709} = {DDF79104-E812-4372-B451-D4D674245904}
		{13D2A543-E1AF-41FE-9701-F86A6E16B713} = {DDF79104-E812-4372-B451-D4D674245904}
		{EB881DEA-ECF9-4C85-B2B9-7250B4AB2D29} = {DDF79104-E812-4372-B451-D4D674245904}
	EndGlobalSection
EndGlobal
